
Microsoft Visual Studio Solution File, Format Version 12.00
# Visual Studio Version 17
VisualStudioVersion = 17.0.31903.59
MinimumVisualStudioVersion = 10.0.40219.1
Project("{FAE04EC0-301F-11D3-BF4B-00C04F79EFBC}") = "WSUniversalLib", "WSUniversalLib.csproj", "{9688DF1C-B1E4-4F45-AE42-8BAEE7834FE3}"
EndProject
Project("{FAE04EC0-301F-11D3-BF4B-00C04F79EFBC}") = "UnitTestCalc", "UnitTestCalc\UnitTestCalc.csproj", "{24FEC001-DAA4-4B02-8015-3C90894313EF}"
EndProject
Global
	GlobalSection(SolutionConfigurationPlatforms) = preSolution
		Debug|Any CPU = Debug|Any CPU
		Release|Any CPU = Release|Any CPU
	EndGlobalSection
	GlobalSection(ProjectConfigurationPlatforms) = postSolution
		{9688DF1C-B1E4-4F45-AE42-8BAEE7834FE3}.Debug|Any CPU.ActiveCfg = Debug|Any CPU
		{9688DF1C-B1E4-4F45-AE42-8BAEE7834FE3}.Debug|Any CPU.Build.0 = Debug|Any CPU
		{9688DF1C-B1E4-4F45-AE42-8BAEE7834FE3}.Release|Any CPU.ActiveCfg = Release|Any CPU
		{9688DF1C-B1E4-4F45-AE42-8BAEE7834FE3}.Release|Any CPU.Build.0 = Release|Any CPU
		{24FEC001-DAA4-4B02-8015-3C90894313EF}.Debug|Any CPU.ActiveCfg = Debug|Any CPU
		{24FEC001-DAA4-4B02-8015-3C90894313EF}.Debug|Any CPU.Build.0 = Debug|Any CPU
		{24FEC001-DAA4-4B02-8015-3C90894313EF}.Release|Any CPU.ActiveCfg = Release|Any CPU
		{24FEC001-DAA4-4B02-8015-3C90894313EF}.Release|Any CPU.Build.0 = Release|Any CPU
	EndGlobalSection
	GlobalSection(SolutionProperties) = preSolution
		HideSolutionNode = FALSE
	EndGlobalSection
	GlobalSection(ExtensibilityGlobals) = postSolution
		SolutionGuid = {46FD7398-DBA7-43DF-8B70-F1781D1A7106}
	EndGlobalSection
EndGlobal
